
Microsoft Visual Studio Solution File, Format Version 12.00
# Visual Studio Version 17
VisualStudioVersion = 17.2.32602.215
MinimumVisualStudioVersion = 10.0.40219.1
Project("{FAE04EC0-301F-11D3-BF4B-00C04F79EFBC}") = "Data", "Data\Data.csproj", "{0108A4D4-CB1E-481D-8FBD-2C43CD72356C}"
EndProject
Global
	GlobalSection(SolutionConfigurationPlatforms) = preSolution
		Debug|Any CPU = Debug|Any CPU
		Release|Any CPU = Release|Any CPU
	EndGlobalSection
	GlobalSection(ProjectConfigurationPlatforms) = postSolution
		{0108A4D4-CB1E-481D-8FBD-2C43CD72356C}.Debug|Any CPU.ActiveCfg = Debug|Any CPU
		{0108A4D4-CB1E-481D-8FBD-2C43CD72356C}.Debug|Any CPU.Build.0 = Debug|Any CPU
		{0108A4D4-CB1E-481D-8FBD-2C43CD72356C}.Release|Any CPU.ActiveCfg = Release|Any CPU
		{0108A4D4-CB1E-481D-8FBD-2C43CD72356C}.Release|Any CPU.Build.0 = Release|Any CPU
	EndGlobalSection
	GlobalSection(SolutionProperties) = preSolution
		HideSolutionNode = FALSE
	EndGlobalSection
	GlobalSection(ExtensibilityGlobals) = postSolution
		SolutionGuid = {7850193A-B610-48B9-B377-6A1C3E1AC155}
	EndGlobalSection
EndGlobal
